
Microsoft Visual Studio Solution File, Format Version 12.00
# Visual Studio Version 17
VisualStudioVersion = 17.0.32014.148
MinimumVisualStudioVersion = 10.0.40219.1
Project("{9A19103F-16F7-4668-BE54-9A1E7A4F7556}") = "DatingAppApi", "DatingAppApi\DatingAppApi.csproj", "{A006A63F-CFFC-4E74-8ED0-D3BCA3C0C184}"
EndProject
Project("{2150E333-8FDC-42A3-9474-1A3956D46DE8}") = "Solution Items", "Solution Items", "{62C05A81-818B-46B3-BDBE-94B4AACAA67E}"
	ProjectSection(SolutionItems) = preProject
		.editorconfig = .editorconfig
	EndProjectSection
EndProject
Global
	GlobalSection(SolutionConfigurationPlatforms) = preSolution
		Debug|Any CPU = Debug|Any CPU
		Release|Any CPU = Release|Any CPU
	EndGlobalSection
	GlobalSection(ProjectConfigurationPlatforms) = postSolution
		{A006A63F-CFFC-4E74-8ED0-D3BCA3C0C184}.Debug|Any CPU.ActiveCfg = Debug|Any CPU
		{A006A63F-CFFC-4E74-8ED0-D3BCA3C0C184}.Debug|Any CPU.Build.0 = Debug|Any CPU
		{A006A63F-CFFC-4E74-8ED0-D3BCA3C0C184}.Release|Any CPU.ActiveCfg = Release|Any CPU
		{A006A63F-CFFC-4E74-8ED0-D3BCA3C0C184}.Release|Any CPU.Build.0 = Release|Any CPU
	EndGlobalSection
	GlobalSection(SolutionProperties) = preSolution
		HideSolutionNode = FALSE
	EndGlobalSection
	GlobalSection(ExtensibilityGlobals) = postSolution
		SolutionGuid = {A47B4458-0AC3-41EE-89E8-FE909B3CA6A8}
	EndGlobalSection
EndGlobal
